
Microsoft Visual Studio Solution File, Format Version 12.00
# Visual Studio Version 17
VisualStudioVersion = 17.0.31903.59
MinimumVisualStudioVersion = 10.0.40219.1
Project("{2150E333-8FDC-42A3-9474-1A3956D46DE8}") = "src", "src", "{827E0CD3-B72D-47B6-A68D-7590B98EB39B}"
EndProject
Project("{FAE04EC0-301F-11D3-BF4B-00C04F79EFBC}") = "ECommerce.Api", "src\ECommerce.Api\ECommerce.Api.csproj", "{3B2B2231-3940-40C1-A828-56913BDB4E4C}"
EndProject
Project("{FAE04EC0-301F-11D3-BF4B-00C04F79EFBC}") = "ECommerce.Modules.Catalog", "src\ECommerce.Modules.Catalog\ECommerce.Modules.Catalog.csproj", "{F4F82BD9-E640-4009-B112-07C63CC14593}"
EndProject
Project("{FAE04EC0-301F-11D3-BF4B-00C04F79EFBC}") = "ECommerce.Modules.Identity", "src\ECommerce.Modules.Identity\ECommerce.Modules.Identity.csproj", "{EAD63200-86AA-4970-9A3F-80E9B83F0897}"
EndProject
Project("{FAE04EC0-301F-11D3-BF4B-00C04F79EFBC}") = "ECommerce.Modules.Cart", "src\ECommerce.Modules.Cart\ECommerce.Modules.Cart.csproj", "{969E4C35-0585-4BBF-95ED-04D4FD10D76E}"
EndProject
Project("{FAE04EC0-301F-11D3-BF4B-00C04F79EFBC}") = "ECommerce.Shared", "src\ECommerce.Shared\ECommerce.Shared.csproj", "{5DD00297-B7A7-4663-A43F-FCC8E1DEA46D}"
EndProject
Project("{FAE04EC0-301F-11D3-BF4B-00C04F79EFBC}") = "ECommerce.Modules.Orders", "src\ECommerce.Modules.Orders\ECommerce.Modules.Orders.csproj", "{EA1D4B4B-E719-48C8-8D7B-8A4E3C78931E}"
EndProject
Global
	GlobalSection(SolutionConfigurationPlatforms) = preSolution
		Debug|Any CPU = Debug|Any CPU
		Debug|x64 = Debug|x64
		Debug|x86 = Debug|x86
		Release|Any CPU = Release|Any CPU
		Release|x64 = Release|x64
		Release|x86 = Release|x86
	EndGlobalSection
	GlobalSection(ProjectConfigurationPlatforms) = postSolution
		{3B2B2231-3940-40C1-A828-56913BDB4E4C}.Debug|Any CPU.ActiveCfg = Debug|Any CPU
		{3B2B2231-3940-40C1-A828-56913BDB4E4C}.Debug|Any CPU.Build.0 = Debug|Any CPU
		{3B2B2231-3940-40C1-A828-56913BDB4E4C}.Debug|x64.ActiveCfg = Debug|Any CPU
		{3B2B2231-3940-40C1-A828-56913BDB4E4C}.Debug|x64.Build.0 = Debug|Any CPU
		{3B2B2231-3940-40C1-A828-56913BDB4E4C}.Debug|x86.ActiveCfg = Debug|Any CPU
		{3B2B2231-3940-40C1-A828-56913BDB4E4C}.Debug|x86.Build.0 = Debug|Any CPU
		{3B2B2231-3940-40C1-A828-56913BDB4E4C}.Release|Any CPU.ActiveCfg = Release|Any CPU
		{3B2B2231-3940-40C1-A828-56913BDB4E4C}.Release|Any CPU.Build.0 = Release|Any CPU
		{3B2B2231-3940-40C1-A828-56913BDB4E4C}.Release|x64.ActiveCfg = Release|Any CPU
		{3B2B2231-3940-40C1-A828-56913BDB4E4C}.Release|x64.Build.0 = Release|Any CPU
		{3B2B2231-3940-40C1-A828-56913BDB4E4C}.Release|x86.ActiveCfg = Release|Any CPU
		{3B2B2231-3940-40C1-A828-56913BDB4E4C}.Release|x86.Build.0 = Release|Any CPU
		{F4F82BD9-E640-4009-B112-07C63CC14593}.Debug|Any CPU.ActiveCfg = Debug|Any CPU
		{F4F82BD9-E640-4009-B112-07C63CC14593}.Debug|Any CPU.Build.0 = Debug|Any CPU
		{F4F82BD9-E640-4009-B112-07C63CC14593}.Debug|x64.ActiveCfg = Debug|Any CPU
		{F4F82BD9-E640-4009-B112-07C63CC14593}.Debug|x64.Build.0 = Debug|Any CPU
		{F4F82BD9-E640-4009-B112-07C63CC14593}.Debug|x86.ActiveCfg = Debug|Any CPU
		{F4F82BD9-E640-4009-B112-07C63CC14593}.Debug|x86.Build.0 = Debug|Any CPU
		{F4F82BD9-E640-4009-B112-07C63CC14593}.Release|Any CPU.ActiveCfg = Release|Any CPU
		{F4F82BD9-E640-4009-B112-07C63CC14593}.Release|Any CPU.Build.0 = Release|Any CPU
		{F4F82BD9-E640-4009-B112-07C63CC14593}.Release|x64.ActiveCfg = Release|Any CPU
		{F4F82BD9-E640-4009-B112-07C63CC14593}.Release|x64.Build.0 = Release|Any CPU
		{F4F82BD9-E640-4009-B112-07C63CC14593}.Release|x86.ActiveCfg = Release|Any CPU
		{F4F82BD9-E640-4009-B112-07C63CC14593}.Release|x86.Build.0 = Release|Any CPU
		{EAD63200-86AA-4970-9A3F-80E9B83F0897}.Debug|Any CPU.ActiveCfg = Debug|Any CPU
		{EAD63200-86AA-4970-9A3F-80E9B83F0897}.Debug|Any CPU.Build.0 = Debug|Any CPU
		{EAD63200-86AA-4970-9A3F-80E9B83F0897}.Debug|x64.ActiveCfg = Debug|Any CPU
		{EAD63200-86AA-4970-9A3F-80E9B83F0897}.Debug|x64.Build.0 = Debug|Any CPU
		{EAD63200-86AA-4970-9A3F-80E9B83F0897}.Debug|x86.ActiveCfg = Debug|Any CPU
		{EAD63200-86AA-4970-9A3F-80E9B83F0897}.Debug|x86.Build.0 = Debug|Any CPU
		{EAD63200-86AA-4970-9A3F-80E9B83F0897}.Release|Any CPU.ActiveCfg = Release|Any CPU
		{EAD63200-86AA-4970-9A3F-80E9B83F0897}.Release|Any CPU.Build.0 = Release|Any CPU
		{EAD63200-86AA-4970-9A3F-80E9B83F0897}.Release|x64.ActiveCfg = Release|Any CPU
		{EAD63200-86AA-4970-9A3F-80E9B83F0897}.Release|x64.Build.0 = Release|Any CPU
		{EAD63200-86AA-4970-9A3F-80E9B83F0897}.Release|x86.ActiveCfg = Release|Any CPU
		{EAD63200-86AA-4970-9A3F-80E9B83F0897}.Release|x86.Build.0 = Release|Any CPU
		{969E4C35-0585-4BBF-95ED-04D4FD10D76E}.Debug|Any CPU.ActiveCfg = Debug|Any CPU
		{969E4C35-0585-4BBF-95ED-04D4FD10D76E}.Debug|Any CPU.Build.0 = Debug|Any CPU
		{969E4C35-0585-4BBF-95ED-04D4FD10D76E}.Debug|x64.ActiveCfg = Debug|Any CPU
		{969E4C35-0585-4BBF-95ED-04D4FD10D76E}.Debug|x64.Build.0 = Debug|Any CPU
		{969E4C35-0585-4BBF-95ED-04D4FD10D76E}.Debug|x86.ActiveCfg = Debug|Any CPU
		{969E4C35-0585-4BBF-95ED-04D4FD10D76E}.Debug|x86.Build.0 = Debug|Any CPU
		{969E4C35-0585-4BBF-95ED-04D4FD10D76E}.Release|Any CPU.ActiveCfg = Release|Any CPU
		{969E4C35-0585-4BBF-95ED-04D4FD10D76E}.Release|Any CPU.Build.0 = Release|Any CPU
		{969E4C35-0585-4BBF-95ED-04D4FD10D76E}.Release|x64.ActiveCfg = Release|Any CPU
		{969E4C35-0585-4BBF-95ED-04D4FD10D76E}.Release|x64.Build.0 = Release|Any CPU
		{969E4C35-0585-4BBF-95ED-04D4FD10D76E}.Release|x86.ActiveCfg = Release|Any CPU
		{969E4C35-0585-4BBF-95ED-04D4FD10D76E}.Release|x86.Build.0 = Release|Any CPU
		{5DD00297-B7A7-4663-A43F-FCC8E1DEA46D}.Debug|Any CPU.ActiveCfg = Debug|Any CPU
		{5DD00297-B7A7-4663-A43F-FCC8E1DEA46D}.Debug|Any CPU.Build.0 = Debug|Any CPU
		{5DD00297-B7A7-4663-A43F-FCC8E1DEA46D}.Debug|x64.ActiveCfg = Debug|Any CPU
		{5DD00297-B7A7-4663-A43F-FCC8E1DEA46D}.Debug|x64.Build.0 = Debug|Any CPU
		{5DD00297-B7A7-4663-A43F-FCC8E1DEA46D}.Debug|x86.ActiveCfg = Debug|Any CPU
		{5DD00297-B7A7-4663-A43F-FCC8E1DEA46D}.Debug|x86.Build.0 = Debug|Any CPU
		{5DD00297-B7A7-4663-A43F-FCC8E1DEA46D}.Release|Any CPU.ActiveCfg = Release|Any CPU
		{5DD00297-B7A7-4663-A43F-FCC8E1DEA46D}.Release|Any CPU.Build.0 = Release|Any CPU
		{5DD00297-B7A7-4663-A43F-FCC8E1DEA46D}.Release|x64.ActiveCfg = Release|Any CPU
		{5DD00297-B7A7-4663-A43F-FCC8E1DEA46D}.Release|x64.Build.0 = Release|Any CPU
		{5DD00297-B7A7-4663-A43F-FCC8E1DEA46D}.Release|x86.ActiveCfg = Release|Any CPU
		{5DD00297-B7A7-4663-A43F-FCC8E1DEA46D}.Release|x86.Build.0 = Release|Any CPU
		{EA1D4B4B-E719-48C8-8D7B-8A4E3C78931E}.Debug|Any CPU.ActiveCfg = Debug|Any CPU
		{EA1D4B4B-E719-48C8-8D7B-8A4E3C78931E}.Debug|Any CPU.Build.0 = Debug|Any CPU
		{EA1D4B4B-E719-48C8-8D7B-8A4E3C78931E}.Debug|x64.ActiveCfg = Debug|Any CPU
		{EA1D4B4B-E719-48C8-8D7B-8A4E3C78931E}.Debug|x64.Build.0 = Debug|Any CPU
		{EA1D4B4B-E719-48C8-8D7B-8A4E3C78931E}.Debug|x86.ActiveCfg = Debug|Any CPU
		{EA1D4B4B-E719-48C8-8D7B-8A4E3C78931E}.Debug|x86.Build.0 = Debug|Any CPU
		{EA1D4B4B-E719-48C8-8D7B-8A4E3C78931E}.Release|Any CPU.ActiveCfg = Release|Any CPU
		{EA1D4B4B-E719-48C8-8D7B-8A4E3C78931E}.Release|Any CPU.Build.0 = Release|Any CPU
		{EA1D4B4B-E719-48C8-8D7B-8A4E3C78931E}.Release|x64.ActiveCfg = Release|Any CPU
		{EA1D4B4B-E719-48C8-8D7B-8A4E3C78931E}.Release|x64.Build.0 = Release|Any CPU
		{EA1D4B4B-E719-48C8-8D7B-8A4E3C78931E}.Release|x86.ActiveCfg = Release|Any CPU
		{EA1D4B4B-E719-48C8-8D7B-8A4E3C78931E}.Release|x86.Build.0 = Release|Any CPU
	EndGlobalSection
	GlobalSection(SolutionProperties) = preSolution
		HideSolutionNode = FALSE
	EndGlobalSection
	GlobalSection(NestedProjects) = preSolution
		{3B2B2231-3940-40C1-A828-56913BDB4E4C} = {827E0CD3-B72D-47B6-A68D-7590B98EB39B}
		{F4F82BD9-E640-4009-B112-07C63CC14593} = {827E0CD3-B72D-47B6-A68D-7590B98EB39B}
		{EAD63200-86AA-4970-9A3F-80E9B83F0897} = {827E0CD3-B72D-47B6-A68D-7590B98EB39B}
		{969E4C35-0585-4BBF-95ED-04D4FD10D76E} = {827E0CD3-B72D-47B6-A68D-7590B98EB39B}
		{5DD00297-B7A7-4663-A43F-FCC8E1DEA46D} = {827E0CD3-B72D-47B6-A68D-7590B98EB39B}
		{EA1D4B4B-E719-48C8-8D7B-8A4E3C78931E} = {827E0CD3-B72D-47B6-A68D-7590B98EB39B}
	EndGlobalSection
EndGlobal
